
Microsoft Visual Studio Solution File, Format Version 12.00
# Visual Studio Version 16
VisualStudioVersion = 16.0.29009.5
MinimumVisualStudioVersion = 10.0.40219.1
Project("{FAE04EC0-301F-11D3-BF4B-00C04F79EFBC}") = "VFEI", "VFEI.csproj", "{73CA4FAA-DFC1-4174-B0F7-A3EC292A035B}"
EndProject
Global
	GlobalSection(SolutionConfigurationPlatforms) = preSolution
		Debug|Any CPU = Debug|Any CPU
		Release|Any CPU = Release|Any CPU
	EndGlobalSection
	GlobalSection(ProjectConfigurationPlatforms) = postSolution
		{73CA4FAA-DFC1-4174-B0F7-A3EC292A035B}.Debug|Any CPU.ActiveCfg = Debug|Any CPU
		{73CA4FAA-DFC1-4174-B0F7-A3EC292A035B}.Debug|Any CPU.Build.0 = Debug|Any CPU
		{73CA4FAA-DFC1-4174-B0F7-A3EC292A035B}.Release|Any CPU.ActiveCfg = Release|Any CPU
		{73CA4FAA-DFC1-4174-B0F7-A3EC292A035B}.Release|Any CPU.Build.0 = Release|Any CPU
	EndGlobalSection
	GlobalSection(SolutionProperties) = preSolution
		HideSolutionNode = FALSE
	EndGlobalSection
	GlobalSection(ExtensibilityGlobals) = postSolution
		SolutionGuid = {B8F4EAFF-6F2B-45C8-A5A2-0E0A2333FEC1}
	EndGlobalSection
EndGlobal
